
Microsoft Visual Studio Solution File, Format Version 12.00
# Visual Studio Version 17
VisualStudioVersion = 17.4.33110.190
MinimumVisualStudioVersion = 10.0.40219.1
Project("{9A19103F-16F7-4668-BE54-9A1E7A4F7556}") = "AulasDeCSharpeArrays", "AulasDeCsharpe2\AulasDeCSharpeArrays.csproj", "{7D7A098B-0D61-4243-945F-A177C2935764}"
EndProject
Global
	GlobalSection(SolutionConfigurationPlatforms) = preSolution
		Debug|Any CPU = Debug|Any CPU
		Release|Any CPU = Release|Any CPU
	EndGlobalSection
	GlobalSection(ProjectConfigurationPlatforms) = postSolution
		{7D7A098B-0D61-4243-945F-A177C2935764}.Debug|Any CPU.ActiveCfg = Debug|Any CPU
		{7D7A098B-0D61-4243-945F-A177C2935764}.Debug|Any CPU.Build.0 = Debug|Any CPU
		{7D7A098B-0D61-4243-945F-A177C2935764}.Release|Any CPU.ActiveCfg = Release|Any CPU
		{7D7A098B-0D61-4243-945F-A177C2935764}.Release|Any CPU.Build.0 = Release|Any CPU
	EndGlobalSection
	GlobalSection(SolutionProperties) = preSolution
		HideSolutionNode = FALSE
	EndGlobalSection
	GlobalSection(ExtensibilityGlobals) = postSolution
		SolutionGuid = {E2BD63D0-3102-4483-A39E-0E9B474520FA}
	EndGlobalSection
EndGlobal
